
Microsoft Visual Studio Solution File, Format Version 12.00
# Visual Studio Version 16
VisualStudioVersion = 16.0.32802.440
MinimumVisualStudioVersion = 10.0.40219.1
Project("{FAE04EC0-301F-11D3-BF4B-00C04F79EFBC}") = "Fordelingshatten", "Fordelingshatten\Fordelingshatten.csproj", "{5A412B97-D7ED-427C-AAE4-54C999793FBE}"
EndProject
Global
	GlobalSection(SolutionConfigurationPlatforms) = preSolution
		Debug|Any CPU = Debug|Any CPU
		Release|Any CPU = Release|Any CPU
	EndGlobalSection
	GlobalSection(ProjectConfigurationPlatforms) = postSolution
		{5A412B97-D7ED-427C-AAE4-54C999793FBE}.Debug|Any CPU.ActiveCfg = Debug|Any CPU
		{5A412B97-D7ED-427C-AAE4-54C999793FBE}.Debug|Any CPU.Build.0 = Debug|Any CPU
		{5A412B97-D7ED-427C-AAE4-54C999793FBE}.Release|Any CPU.ActiveCfg = Release|Any CPU
		{5A412B97-D7ED-427C-AAE4-54C999793FBE}.Release|Any CPU.Build.0 = Release|Any CPU
	EndGlobalSection
	GlobalSection(SolutionProperties) = preSolution
		HideSolutionNode = FALSE
	EndGlobalSection
	GlobalSection(ExtensibilityGlobals) = postSolution
		SolutionGuid = {7A337C46-9B7D-479D-A442-AB5DC26913F0}
	EndGlobalSection
EndGlobal
